
Microsoft Visual Studio Solution File, Format Version 12.00
# Visual Studio 14
VisualStudioVersion = 14.0.25420.1
MinimumVisualStudioVersion = 10.0.40219.1
Project("{FAE04EC0-301F-11D3-BF4B-00C04F79EFBC}") = "BlobExplorer", "BlobExplorer\BlobExplorer.csproj", "{7101A620-CB91-410C-95D6-E47AB321943A}"
EndProject
Project("{FAE04EC0-301F-11D3-BF4B-00C04F79EFBC}") = "FileExplorer", "FileExplorer\FileExplorer.csproj", "{75733CB6-9729-44FF-9B66-DE65E162C8A5}"
EndProject
Project("{FAE04EC0-301F-11D3-BF4B-00C04F79EFBC}") = "TableExplorer", "TableExplorer\TableExplorer.csproj", "{FD079CE3-01BE-4DE5-8562-CE9ADF46CE5D}"
EndProject
Project("{FAE04EC0-301F-11D3-BF4B-00C04F79EFBC}") = "QueueExplorer", "QueueExplorer\QueueExplorer.csproj", "{C9181FE0-0D0E-4D33-95BA-F18A33FB945A}"
EndProject
Global
	GlobalSection(SolutionConfigurationPlatforms) = preSolution
		Debug|Any CPU = Debug|Any CPU
		Release|Any CPU = Release|Any CPU
	EndGlobalSection
	GlobalSection(ProjectConfigurationPlatforms) = postSolution
		{7101A620-CB91-410C-95D6-E47AB321943A}.Debug|Any CPU.ActiveCfg = Debug|Any CPU
		{7101A620-CB91-410C-95D6-E47AB321943A}.Debug|Any CPU.Build.0 = Debug|Any CPU
		{7101A620-CB91-410C-95D6-E47AB321943A}.Release|Any CPU.ActiveCfg = Release|Any CPU
		{7101A620-CB91-410C-95D6-E47AB321943A}.Release|Any CPU.Build.0 = Release|Any CPU
		{75733CB6-9729-44FF-9B66-DE65E162C8A5}.Debug|Any CPU.ActiveCfg = Debug|Any CPU
		{75733CB6-9729-44FF-9B66-DE65E162C8A5}.Debug|Any CPU.Build.0 = Debug|Any CPU
		{75733CB6-9729-44FF-9B66-DE65E162C8A5}.Release|Any CPU.ActiveCfg = Release|Any CPU
		{75733CB6-9729-44FF-9B66-DE65E162C8A5}.Release|Any CPU.Build.0 = Release|Any CPU
		{FD079CE3-01BE-4DE5-8562-CE9ADF46CE5D}.Debug|Any CPU.ActiveCfg = Debug|Any CPU
		{FD079CE3-01BE-4DE5-8562-CE9ADF46CE5D}.Debug|Any CPU.Build.0 = Debug|Any CPU
		{FD079CE3-01BE-4DE5-8562-CE9ADF46CE5D}.Release|Any CPU.ActiveCfg = Release|Any CPU
		{FD079CE3-01BE-4DE5-8562-CE9ADF46CE5D}.Release|Any CPU.Build.0 = Release|Any CPU
		{C9181FE0-0D0E-4D33-95BA-F18A33FB945A}.Debug|Any CPU.ActiveCfg = Debug|Any CPU
		{C9181FE0-0D0E-4D33-95BA-F18A33FB945A}.Debug|Any CPU.Build.0 = Debug|Any CPU
		{C9181FE0-0D0E-4D33-95BA-F18A33FB945A}.Release|Any CPU.ActiveCfg = Release|Any CPU
		{C9181FE0-0D0E-4D33-95BA-F18A33FB945A}.Release|Any CPU.Build.0 = Release|Any CPU
	EndGlobalSection
	GlobalSection(SolutionProperties) = preSolution
		HideSolutionNode = FALSE
	EndGlobalSection
EndGlobal
